
Microsoft Visual Studio Solution File, Format Version 12.00
# Visual Studio Version 17
VisualStudioVersion = 17.0.31903.59
MinimumVisualStudioVersion = 10.0.40219.1
Project("{2150E333-8FDC-42A3-9474-1A3956D46DE8}") = "src", "src", "{0F9FBE5F-DFCF-4AD3-B33E-62F676243120}"
EndProject
Project("{FAE04EC0-301F-11D3-BF4B-00C04F79EFBC}") = "sdk-container-demo", "src\sdk-container-demo\sdk-container-demo.csproj", "{2D5E802C-0E59-4027-B4AD-B6BB9B2DDCA9}"
EndProject
Project("{FAE04EC0-301F-11D3-BF4B-00C04F79EFBC}") = "aot-sample", "src\aot-sample\aot-sample.csproj", "{D8C6E9FD-F698-42D1-B1D7-7CCECF45A66D}"
EndProject
Project("{FAE04EC0-301F-11D3-BF4B-00C04F79EFBC}") = "multi-arch-sample", "src\multi-arch-sample\multi-arch-sample.csproj", "{618B480D-55B9-4550-BE86-8B83D5298C9F}"
EndProject
Project("{FAE04EC0-301F-11D3-BF4B-00C04F79EFBC}") = "msbuild-versioning-sample", "src\msbuild-versioning-sample\msbuild-versioning-sample.csproj", "{70CED231-4FA2-4F47-8069-5C091C2895E9}"
EndProject
Global
	GlobalSection(SolutionConfigurationPlatforms) = preSolution
		Debug|Any CPU = Debug|Any CPU
		Release|Any CPU = Release|Any CPU
	EndGlobalSection
	GlobalSection(SolutionProperties) = preSolution
		HideSolutionNode = FALSE
	EndGlobalSection
	GlobalSection(ProjectConfigurationPlatforms) = postSolution
		{2D5E802C-0E59-4027-B4AD-B6BB9B2DDCA9}.Debug|Any CPU.ActiveCfg = Debug|Any CPU
		{2D5E802C-0E59-4027-B4AD-B6BB9B2DDCA9}.Debug|Any CPU.Build.0 = Debug|Any CPU
		{2D5E802C-0E59-4027-B4AD-B6BB9B2DDCA9}.Release|Any CPU.ActiveCfg = Release|Any CPU
		{2D5E802C-0E59-4027-B4AD-B6BB9B2DDCA9}.Release|Any CPU.Build.0 = Release|Any CPU
		{D8C6E9FD-F698-42D1-B1D7-7CCECF45A66D}.Debug|Any CPU.ActiveCfg = Debug|Any CPU
		{D8C6E9FD-F698-42D1-B1D7-7CCECF45A66D}.Debug|Any CPU.Build.0 = Debug|Any CPU
		{D8C6E9FD-F698-42D1-B1D7-7CCECF45A66D}.Release|Any CPU.ActiveCfg = Release|Any CPU
		{D8C6E9FD-F698-42D1-B1D7-7CCECF45A66D}.Release|Any CPU.Build.0 = Release|Any CPU
		{618B480D-55B9-4550-BE86-8B83D5298C9F}.Debug|Any CPU.ActiveCfg = Debug|Any CPU
		{618B480D-55B9-4550-BE86-8B83D5298C9F}.Debug|Any CPU.Build.0 = Debug|Any CPU
		{618B480D-55B9-4550-BE86-8B83D5298C9F}.Release|Any CPU.ActiveCfg = Release|Any CPU
		{618B480D-55B9-4550-BE86-8B83D5298C9F}.Release|Any CPU.Build.0 = Release|Any CPU
		{70CED231-4FA2-4F47-8069-5C091C2895E9}.Debug|Any CPU.ActiveCfg = Debug|Any CPU
		{70CED231-4FA2-4F47-8069-5C091C2895E9}.Debug|Any CPU.Build.0 = Debug|Any CPU
		{70CED231-4FA2-4F47-8069-5C091C2895E9}.Release|Any CPU.ActiveCfg = Release|Any CPU
		{70CED231-4FA2-4F47-8069-5C091C2895E9}.Release|Any CPU.Build.0 = Release|Any CPU
	EndGlobalSection
	GlobalSection(NestedProjects) = preSolution
		{2D5E802C-0E59-4027-B4AD-B6BB9B2DDCA9} = {0F9FBE5F-DFCF-4AD3-B33E-62F676243120}
		{D8C6E9FD-F698-42D1-B1D7-7CCECF45A66D} = {0F9FBE5F-DFCF-4AD3-B33E-62F676243120}
		{618B480D-55B9-4550-BE86-8B83D5298C9F} = {0F9FBE5F-DFCF-4AD3-B33E-62F676243120}
		{70CED231-4FA2-4F47-8069-5C091C2895E9} = {0F9FBE5F-DFCF-4AD3-B33E-62F676243120}
	EndGlobalSection
EndGlobal
