
Microsoft Visual Studio Solution File, Format Version 12.00
# Visual Studio Version 17
VisualStudioVersion = 17.5.002.0
MinimumVisualStudioVersion = 10.0.40219.1
Project("{9A19103F-16F7-4668-BE54-9A1E7A4F7556}") = "custom-base-image", "custom-base-image.csproj", "{572DAF66-27C5-4736-AD1A-790BEB45F45F}"
EndProject
Global
	GlobalSection(SolutionConfigurationPlatforms) = preSolution
		Debug|Any CPU = Debug|Any CPU
		Release|Any CPU = Release|Any CPU
	EndGlobalSection
	GlobalSection(ProjectConfigurationPlatforms) = postSolution
		{572DAF66-27C5-4736-AD1A-790BEB45F45F}.Debug|Any CPU.ActiveCfg = Debug|Any CPU
		{572DAF66-27C5-4736-AD1A-790BEB45F45F}.Debug|Any CPU.Build.0 = Debug|Any CPU
		{572DAF66-27C5-4736-AD1A-790BEB45F45F}.Release|Any CPU.ActiveCfg = Release|Any CPU
		{572DAF66-27C5-4736-AD1A-790BEB45F45F}.Release|Any CPU.Build.0 = Release|Any CPU
	EndGlobalSection
	GlobalSection(SolutionProperties) = preSolution
		HideSolutionNode = FALSE
	EndGlobalSection
	GlobalSection(ExtensibilityGlobals) = postSolution
		SolutionGuid = {192A0D2A-7A6B-40E7-BA67-2957C25F8160}
	EndGlobalSection
EndGlobal
