
Microsoft Visual Studio Solution File, Format Version 12.00
# Visual Studio Version 17
VisualStudioVersion = 17.5.002.0
MinimumVisualStudioVersion = 10.0.40219.1
Project("{9A19103F-16F7-4668-BE54-9A1E7A4F7556}") = "custom-entrypoint", "custom-entrypoint.csproj", "{9D78E5EF-EBD4-4A91-AAE6-07AAE32F1DFA}"
EndProject
Global
	GlobalSection(SolutionConfigurationPlatforms) = preSolution
		Debug|Any CPU = Debug|Any CPU
		Release|Any CPU = Release|Any CPU
	EndGlobalSection
	GlobalSection(ProjectConfigurationPlatforms) = postSolution
		{9D78E5EF-EBD4-4A91-AAE6-07AAE32F1DFA}.Debug|Any CPU.ActiveCfg = Debug|Any CPU
		{9D78E5EF-EBD4-4A91-AAE6-07AAE32F1DFA}.Debug|Any CPU.Build.0 = Debug|Any CPU
		{9D78E5EF-EBD4-4A91-AAE6-07AAE32F1DFA}.Release|Any CPU.ActiveCfg = Release|Any CPU
		{9D78E5EF-EBD4-4A91-AAE6-07AAE32F1DFA}.Release|Any CPU.Build.0 = Release|Any CPU
	EndGlobalSection
	GlobalSection(SolutionProperties) = preSolution
		HideSolutionNode = FALSE
	EndGlobalSection
	GlobalSection(ExtensibilityGlobals) = postSolution
		SolutionGuid = {C54E56C2-5909-481D-B73C-48E0E579EE3E}
	EndGlobalSection
EndGlobal
